
Microsoft Visual Studio Solution File, Format Version 12.00
# Visual Studio Version 16
VisualStudioVersion = 16.0.31129.286
MinimumVisualStudioVersion = 10.0.40219.1
Project("{FAE04EC0-301F-11D3-BF4B-00C04F79EFBC}") = "2021aoc7", "2021aoc7\2021aoc7.csproj", "{EABF3274-9780-446B-8832-D7EF559461E5}"
EndProject
Global
	GlobalSection(SolutionConfigurationPlatforms) = preSolution
		Debug|Any CPU = Debug|Any CPU
		Release|Any CPU = Release|Any CPU
	EndGlobalSection
	GlobalSection(ProjectConfigurationPlatforms) = postSolution
		{EABF3274-9780-446B-8832-D7EF559461E5}.Debug|Any CPU.ActiveCfg = Debug|Any CPU
		{EABF3274-9780-446B-8832-D7EF559461E5}.Debug|Any CPU.Build.0 = Debug|Any CPU
		{EABF3274-9780-446B-8832-D7EF559461E5}.Release|Any CPU.ActiveCfg = Release|Any CPU
		{EABF3274-9780-446B-8832-D7EF559461E5}.Release|Any CPU.Build.0 = Release|Any CPU
	EndGlobalSection
	GlobalSection(SolutionProperties) = preSolution
		HideSolutionNode = FALSE
	EndGlobalSection
	GlobalSection(ExtensibilityGlobals) = postSolution
		SolutionGuid = {3F83E3C5-A9AE-4204-A2DB-C3134F00B6BE}
	EndGlobalSection
EndGlobal
